# This file is generated by running "yarn install" inside your project.
# Manual changes might be lost - proceed with caution!

__metadata:
  version: 8
  cacheKey: 10c0

"@akrc/ci-toolkit@workspace:.":
  version: 0.0.0-use.local
  resolution: "@akrc/ci-toolkit@workspace:."
  bin:
    skip-in-ci: bin/skip-in-ci.cjs
  languageName: unknown
  linkType: soft
